
Microsoft Visual Studio Solution File, Format Version 12.00
# Visual Studio Version 17
VisualStudioVersion = 17.9.34902.65
MinimumVisualStudioVersion = 10.0.40219.1
Project("{2150E333-8FDC-42A3-9474-1A3956D46DE8}") = "aspnet_core", "aspnet_core", "{C034C772-7C0F-4560-981C-9E47A4C4A731}"
EndProject
Project("{2150E333-8FDC-42A3-9474-1A3956D46DE8}") = "1 - .Net Core vs .Net Framework", "1 - .Net Core vs .Net Framework", "{34B8BA2F-1BCB-4F2D-AF3C-C5F8D68919FE}"
EndProject
Project("{FAE04EC0-301F-11D3-BF4B-00C04F79EFBC}") = "dotnet_core_vs_dotnet_framework", "aspnet_core\1 - .Net Core vs .Net Framework\dotnet_core_vs_dotnet_framework\dotnet_core_vs_dotnet_framework.csproj", "{B7FFDF90-F22E-4D52-8650-3AC4B68FF79C}"
EndProject
Project("{2150E333-8FDC-42A3-9474-1A3956D46DE8}") = "2 - Dependency Injection in .Net Core", "2 - Dependency Injection in .Net Core", "{CDD5FD6F-0E3E-42C5-8AFA-4ACB6F09641A}"
EndProject
Project("{FAE04EC0-301F-11D3-BF4B-00C04F79EFBC}") = "dependency_injection", "aspnet_core\2 - Dependency Injection in .Net Core\dependency_injection\dependency_injection.csproj", "{74E294E3-B606-4959-B0C6-81B8A38AB0C4}"
EndProject
Project("{2150E333-8FDC-42A3-9474-1A3956D46DE8}") = "3 - Kestrel and IIS in ASP.Net Core", "3 - Kestrel and IIS in ASP.Net Core", "{52F942E6-E8FA-4475-90E0-E14114C436F9}"
EndProject
Project("{FAE04EC0-301F-11D3-BF4B-00C04F79EFBC}") = "kestrel_and_iis_server", "aspnet_core\3 - Kestrel and IIS in ASP.Net Core\kestrel_and_iis_server\kestrel_and_iis_server.csproj", "{34AD1B25-333A-4854-9BFA-1455A9E8E863}"
EndProject
Project("{2150E333-8FDC-42A3-9474-1A3956D46DE8}") = "4 - Middleware in ASP.Net Core", "4 - Middleware in ASP.Net Core", "{765F8EC0-D2C1-4B07-A26E-F70EDC08432F}"
EndProject
Project("{FAE04EC0-301F-11D3-BF4B-00C04F79EFBC}") = "middleware_in_aspnet_core", "aspnet_core\4 - Middleware in ASP.Net Core\middleware_in_aspnet_core\middleware_in_aspnet_core.csproj", "{5B057A96-BB35-41AF-88CC-C4F82D0B0631}"
EndProject
Project("{2150E333-8FDC-42A3-9474-1A3956D46DE8}") = "5 - Garbage Collection in ASP.Net Core", "5 - Garbage Collection in ASP.Net Core", "{09F1E73E-8867-4315-B7B7-1B9560DAF8BD}"
EndProject
Project("{FAE04EC0-301F-11D3-BF4B-00C04F79EFBC}") = "garbage_collection", "aspnet_core\5 - Garbage Collection in ASP.Net Core\garbage_collection\garbage_collection.csproj", "{2B2DF64F-6152-4052-9AD9-C74DA6811BF8}"
EndProject
Project("{2150E333-8FDC-42A3-9474-1A3956D46DE8}") = "6 - Caching in ASP.Net Core", "6 - Caching in ASP.Net Core", "{CDE5B17C-17E9-43A7-838E-7794DC3104DA}"
EndProject
Project("{FAE04EC0-301F-11D3-BF4B-00C04F79EFBC}") = "caching_in_aspnet_core", "aspnet_core\6 - Caching in ASP.Net Core\caching_in_aspnet_core\caching_in_aspnet_core.csproj", "{CA3283FC-51D3-4639-B27A-D2B44F33A3BF}"
EndProject
Project("{2150E333-8FDC-42A3-9474-1A3956D46DE8}") = "7 - Middleware vs Filters in ASP.Net Core", "7 - Middleware vs Filters in ASP.Net Core", "{1297EA18-9BCE-4B9A-BD39-72F85A512941}"
EndProject
Project("{FAE04EC0-301F-11D3-BF4B-00C04F79EFBC}") = "middleware_and_filters", "aspnet_core\7 - Middleware vs Filters in ASP.Net Core\middleware_and_filters\middleware_and_filters.csproj", "{5152DF37-88CA-4D39-8185-2841998FC96D}"
EndProject
Global
	GlobalSection(SolutionConfigurationPlatforms) = preSolution
		Debug|Any CPU = Debug|Any CPU
		Release|Any CPU = Release|Any CPU
	EndGlobalSection
	GlobalSection(ProjectConfigurationPlatforms) = postSolution
		{B7FFDF90-F22E-4D52-8650-3AC4B68FF79C}.Debug|Any CPU.ActiveCfg = Debug|Any CPU
		{B7FFDF90-F22E-4D52-8650-3AC4B68FF79C}.Debug|Any CPU.Build.0 = Debug|Any CPU
		{B7FFDF90-F22E-4D52-8650-3AC4B68FF79C}.Release|Any CPU.ActiveCfg = Release|Any CPU
		{B7FFDF90-F22E-4D52-8650-3AC4B68FF79C}.Release|Any CPU.Build.0 = Release|Any CPU
		{74E294E3-B606-4959-B0C6-81B8A38AB0C4}.Debug|Any CPU.ActiveCfg = Debug|Any CPU
		{74E294E3-B606-4959-B0C6-81B8A38AB0C4}.Debug|Any CPU.Build.0 = Debug|Any CPU
		{74E294E3-B606-4959-B0C6-81B8A38AB0C4}.Release|Any CPU.ActiveCfg = Release|Any CPU
		{74E294E3-B606-4959-B0C6-81B8A38AB0C4}.Release|Any CPU.Build.0 = Release|Any CPU
		{34AD1B25-333A-4854-9BFA-1455A9E8E863}.Debug|Any CPU.ActiveCfg = Debug|Any CPU
		{34AD1B25-333A-4854-9BFA-1455A9E8E863}.Debug|Any CPU.Build.0 = Debug|Any CPU
		{34AD1B25-333A-4854-9BFA-1455A9E8E863}.Release|Any CPU.ActiveCfg = Release|Any CPU
		{34AD1B25-333A-4854-9BFA-1455A9E8E863}.Release|Any CPU.Build.0 = Release|Any CPU
		{5B057A96-BB35-41AF-88CC-C4F82D0B0631}.Debug|Any CPU.ActiveCfg = Debug|Any CPU
		{5B057A96-BB35-41AF-88CC-C4F82D0B0631}.Debug|Any CPU.Build.0 = Debug|Any CPU
		{5B057A96-BB35-41AF-88CC-C4F82D0B0631}.Release|Any CPU.ActiveCfg = Release|Any CPU
		{5B057A96-BB35-41AF-88CC-C4F82D0B0631}.Release|Any CPU.Build.0 = Release|Any CPU
		{2B2DF64F-6152-4052-9AD9-C74DA6811BF8}.Debug|Any CPU.ActiveCfg = Debug|Any CPU
		{2B2DF64F-6152-4052-9AD9-C74DA6811BF8}.Debug|Any CPU.Build.0 = Debug|Any CPU
		{2B2DF64F-6152-4052-9AD9-C74DA6811BF8}.Release|Any CPU.ActiveCfg = Release|Any CPU
		{2B2DF64F-6152-4052-9AD9-C74DA6811BF8}.Release|Any CPU.Build.0 = Release|Any CPU
		{CA3283FC-51D3-4639-B27A-D2B44F33A3BF}.Debug|Any CPU.ActiveCfg = Debug|Any CPU
		{CA3283FC-51D3-4639-B27A-D2B44F33A3BF}.Debug|Any CPU.Build.0 = Debug|Any CPU
		{CA3283FC-51D3-4639-B27A-D2B44F33A3BF}.Release|Any CPU.ActiveCfg = Release|Any CPU
		{CA3283FC-51D3-4639-B27A-D2B44F33A3BF}.Release|Any CPU.Build.0 = Release|Any CPU
		{5152DF37-88CA-4D39-8185-2841998FC96D}.Debug|Any CPU.ActiveCfg = Debug|Any CPU
		{5152DF37-88CA-4D39-8185-2841998FC96D}.Debug|Any CPU.Build.0 = Debug|Any CPU
		{5152DF37-88CA-4D39-8185-2841998FC96D}.Release|Any CPU.ActiveCfg = Release|Any CPU
		{5152DF37-88CA-4D39-8185-2841998FC96D}.Release|Any CPU.Build.0 = Release|Any CPU
	EndGlobalSection
	GlobalSection(SolutionProperties) = preSolution
		HideSolutionNode = FALSE
	EndGlobalSection
	GlobalSection(NestedProjects) = preSolution
		{34B8BA2F-1BCB-4F2D-AF3C-C5F8D68919FE} = {C034C772-7C0F-4560-981C-9E47A4C4A731}
		{B7FFDF90-F22E-4D52-8650-3AC4B68FF79C} = {34B8BA2F-1BCB-4F2D-AF3C-C5F8D68919FE}
		{CDD5FD6F-0E3E-42C5-8AFA-4ACB6F09641A} = {C034C772-7C0F-4560-981C-9E47A4C4A731}
		{74E294E3-B606-4959-B0C6-81B8A38AB0C4} = {CDD5FD6F-0E3E-42C5-8AFA-4ACB6F09641A}
		{52F942E6-E8FA-4475-90E0-E14114C436F9} = {C034C772-7C0F-4560-981C-9E47A4C4A731}
		{34AD1B25-333A-4854-9BFA-1455A9E8E863} = {52F942E6-E8FA-4475-90E0-E14114C436F9}
		{765F8EC0-D2C1-4B07-A26E-F70EDC08432F} = {C034C772-7C0F-4560-981C-9E47A4C4A731}
		{5B057A96-BB35-41AF-88CC-C4F82D0B0631} = {765F8EC0-D2C1-4B07-A26E-F70EDC08432F}
		{09F1E73E-8867-4315-B7B7-1B9560DAF8BD} = {C034C772-7C0F-4560-981C-9E47A4C4A731}
		{2B2DF64F-6152-4052-9AD9-C74DA6811BF8} = {09F1E73E-8867-4315-B7B7-1B9560DAF8BD}
		{CDE5B17C-17E9-43A7-838E-7794DC3104DA} = {C034C772-7C0F-4560-981C-9E47A4C4A731}
		{CA3283FC-51D3-4639-B27A-D2B44F33A3BF} = {CDE5B17C-17E9-43A7-838E-7794DC3104DA}
		{1297EA18-9BCE-4B9A-BD39-72F85A512941} = {C034C772-7C0F-4560-981C-9E47A4C4A731}
		{5152DF37-88CA-4D39-8185-2841998FC96D} = {1297EA18-9BCE-4B9A-BD39-72F85A512941}
	EndGlobalSection
	GlobalSection(ExtensibilityGlobals) = postSolution
		SolutionGuid = {1313BF86-0EB6-451F-905F-0C92B0B244F4}
	EndGlobalSection
EndGlobal
