
Microsoft Visual Studio Solution File, Format Version 12.00
# Visual Studio Version 17
VisualStudioVersion = 17.9.34902.65
MinimumVisualStudioVersion = 10.0.40219.1
Project("{2150E333-8FDC-42A3-9474-1A3956D46DE8}") = "aspnet_core", "aspnet_core", "{C034C772-7C0F-4560-981C-9E47A4C4A731}"
EndProject
Project("{2150E333-8FDC-42A3-9474-1A3956D46DE8}") = "1 - .Net Core vs .Net Framework", "1 - .Net Core vs .Net Framework", "{34B8BA2F-1BCB-4F2D-AF3C-C5F8D68919FE}"
EndProject
Project("{FAE04EC0-301F-11D3-BF4B-00C04F79EFBC}") = "dotnet_core_vs_dotnet_framework", "aspnet_core\1 - .Net Core vs .Net Framework\dotnet_core_vs_dotnet_framework\dotnet_core_vs_dotnet_framework.csproj", "{B7FFDF90-F22E-4D52-8650-3AC4B68FF79C}"
EndProject
Project("{2150E333-8FDC-42A3-9474-1A3956D46DE8}") = "2 - Dependency Injection in .Net Core", "2 - Dependency Injection in .Net Core", "{CDD5FD6F-0E3E-42C5-8AFA-4ACB6F09641A}"
EndProject
Project("{FAE04EC0-301F-11D3-BF4B-00C04F79EFBC}") = "dependency_injection", "aspnet_core\2 - Dependency Injection in .Net Core\dependency_injection\dependency_injection.csproj", "{74E294E3-B606-4959-B0C6-81B8A38AB0C4}"
EndProject
Project("{2150E333-8FDC-42A3-9474-1A3956D46DE8}") = "3 - Kestrel and IIS in ASP.Net Core", "3 - Kestrel and IIS in ASP.Net Core", "{52F942E6-E8FA-4475-90E0-E14114C436F9}"
EndProject
Project("{FAE04EC0-301F-11D3-BF4B-00C04F79EFBC}") = "kestrel_and_iis_server", "aspnet_core\3 - Kestrel and IIS in ASP.Net Core\kestrel_and_iis_server\kestrel_and_iis_server.csproj", "{34AD1B25-333A-4854-9BFA-1455A9E8E863}"
EndProject
Project("{2150E333-8FDC-42A3-9474-1A3956D46DE8}") = "4 - Middleware in ASP.Net Core", "4 - Middleware in ASP.Net Core", "{765F8EC0-D2C1-4B07-A26E-F70EDC08432F}"
EndProject
Project("{FAE04EC0-301F-11D3-BF4B-00C04F79EFBC}") = "middleware_in_aspnet_core", "aspnet_core\4 - Middleware in ASP.Net Core\middleware_in_aspnet_core\middleware_in_aspnet_core.csproj", "{5B057A96-BB35-41AF-88CC-C4F82D0B0631}"
EndProject
Project("{2150E333-8FDC-42A3-9474-1A3956D46DE8}") = "5 - Garbage Collection in ASP.Net Core", "5 - Garbage Collection in ASP.Net Core", "{09F1E73E-8867-4315-B7B7-1B9560DAF8BD}"
EndProject
Project("{FAE04EC0-301F-11D3-BF4B-00C04F79EFBC}") = "garbage_collection", "aspnet_core\5 - Garbage Collection in ASP.Net Core\garbage_collection\garbage_collection.csproj", "{2B2DF64F-6152-4052-9AD9-C74DA6811BF8}"
EndProject
Project("{2150E333-8FDC-42A3-9474-1A3956D46DE8}") = "6 - Caching in ASP.Net Core", "6 - Caching in ASP.Net Core", "{CDE5B17C-17E9-43A7-838E-7794DC3104DA}"
EndProject
Project("{FAE04EC0-301F-11D3-BF4B-00C04F79EFBC}") = "caching_in_aspnet_core", "aspnet_core\6 - Caching in ASP.Net Core\caching_in_aspnet_core\caching_in_aspnet_core.csproj", "{CA3283FC-51D3-4639-B27A-D2B44F33A3BF}"
EndProject
Project("{2150E333-8FDC-42A3-9474-1A3956D46DE8}") = "7 - Middleware vs Filters in ASP.Net Core", "7 - Middleware vs Filters in ASP.Net Core", "{1297EA18-9BCE-4B9A-BD39-72F85A512941}"
EndProject
Project("{FAE04EC0-301F-11D3-BF4B-00C04F79EFBC}") = "middleware_and_filters", "aspnet_core\7 - Middleware vs Filters in ASP.Net Core\middleware_and_filters\middleware_and_filters.csproj", "{5152DF37-88CA-4D39-8185-2841998FC96D}"
EndProject
Project("{2150E333-8FDC-42A3-9474-1A3956D46DE8}") = "8 - Core CLR in ASP.Net Core", "8 - Core CLR in ASP.Net Core", "{A77520B7-53BC-4EA1-B5B7-44CD3B7658DB}"
EndProject
Project("{FAE04EC0-301F-11D3-BF4B-00C04F79EFBC}") = "core_clr_in_aspnet_core", "aspnet_core\8 - Core CLR in ASP.Net Core\core_clr_in_aspnet_core\core_clr_in_aspnet_core.csproj", "{F427C0A6-20DF-4BD2-9FCD-47A8353BED06}"
EndProject
Project("{2150E333-8FDC-42A3-9474-1A3956D46DE8}") = "9 - App.Run and App.Use in ASP.Net Core", "9 - App.Run and App.Use in ASP.Net Core", "{33249FD4-B865-4B46-AAF2-B88DA7236B3D}"
EndProject
Project("{FAE04EC0-301F-11D3-BF4B-00C04F79EFBC}") = "run_and_use_in_aspnet_core", "aspnet_core\9 - App.Run and App.Use in ASP.Net Core\run_and_use_in_aspnet_core\run_and_use_in_aspnet_core.csproj", "{FE5E4F09-0E61-4436-BCC9-5E91840C245F}"
EndProject
Project("{2150E333-8FDC-42A3-9474-1A3956D46DE8}") = "10 - Static Files in ASP.Net Core", "10 - Static Files in ASP.Net Core", "{DC5EC4DE-92E6-4D07-BBC0-4B13EA334B3E}"
EndProject
Project("{FAE04EC0-301F-11D3-BF4B-00C04F79EFBC}") = "static_files_in_aspnet_core", "aspnet_core\10 - Static Files in ASP.Net Core\static_files_in_aspnet_core\static_files_in_aspnet_core.csproj", "{68BC4EFD-0C3A-43A8-B57A-4AF0B8EABF42}"
EndProject
Project("{2150E333-8FDC-42A3-9474-1A3956D46DE8}") = "11 - Session and State Management", "11 - Session and State Management", "{6D2B550D-8A06-4D61-9709-D91D33F7CB96}"
EndProject
Project("{FAE04EC0-301F-11D3-BF4B-00C04F79EFBC}") = "session_and_state_management", "aspnet_core\11 - Session and State Management\session_and_state_management\session_and_state_management.csproj", "{70C3A19E-4723-4047-A93A-97D70212F01B}"
EndProject
Project("{2150E333-8FDC-42A3-9474-1A3956D46DE8}") = "12 - Routing in ASP.Net Core", "12 - Routing in ASP.Net Core", "{24DCC223-920B-4F58-BBB9-F0120FC336B1}"
EndProject
Project("{FAE04EC0-301F-11D3-BF4B-00C04F79EFBC}") = "routing_in_aspnet_core", "aspnet_core\12 - Routing in ASP.Net Core\routing_in_aspnet_core\routing_in_aspnet_core.csproj", "{73FB237D-0B12-4B5A-B2E9-4CBB12E0E022}"
EndProject
Project("{2150E333-8FDC-42A3-9474-1A3956D46DE8}") = "13 - Services Lifetime in ASP.Net Core", "13 - Services Lifetime in ASP.Net Core", "{0BC0FBF7-FF4E-4694-B66E-7657235AB57A}"
EndProject
Project("{FAE04EC0-301F-11D3-BF4B-00C04F79EFBC}") = "services_lifetime", "aspnet_core\13 - Services Lifetime in ASP.Net Core\services_lifetime\services_lifetime.csproj", "{7B1D9D38-7E4C-4325-8237-28E195C67251}"
EndProject
Project("{2150E333-8FDC-42A3-9474-1A3956D46DE8}") = "14 - Cross-Site Request Forgery (XSRF)", "14 - Cross-Site Request Forgery (XSRF)", "{9B5CA4DF-478A-400C-8312-C7AE7D698A65}"
EndProject
Project("{FAE04EC0-301F-11D3-BF4B-00C04F79EFBC}") = "cross_site_request_forgery", "aspnet_core\14 - Cross-Site Request Forgery (XSRF)\cross_site_request_forgery\cross_site_request_forgery.csproj", "{1E2684B0-E665-4341-925C-7F9D35B84DC6}"
EndProject
Global
	GlobalSection(SolutionConfigurationPlatforms) = preSolution
		Debug|Any CPU = Debug|Any CPU
		Release|Any CPU = Release|Any CPU
	EndGlobalSection
	GlobalSection(ProjectConfigurationPlatforms) = postSolution
		{B7FFDF90-F22E-4D52-8650-3AC4B68FF79C}.Debug|Any CPU.ActiveCfg = Debug|Any CPU
		{B7FFDF90-F22E-4D52-8650-3AC4B68FF79C}.Debug|Any CPU.Build.0 = Debug|Any CPU
		{B7FFDF90-F22E-4D52-8650-3AC4B68FF79C}.Release|Any CPU.ActiveCfg = Release|Any CPU
		{B7FFDF90-F22E-4D52-8650-3AC4B68FF79C}.Release|Any CPU.Build.0 = Release|Any CPU
		{74E294E3-B606-4959-B0C6-81B8A38AB0C4}.Debug|Any CPU.ActiveCfg = Debug|Any CPU
		{74E294E3-B606-4959-B0C6-81B8A38AB0C4}.Debug|Any CPU.Build.0 = Debug|Any CPU
		{74E294E3-B606-4959-B0C6-81B8A38AB0C4}.Release|Any CPU.ActiveCfg = Release|Any CPU
		{74E294E3-B606-4959-B0C6-81B8A38AB0C4}.Release|Any CPU.Build.0 = Release|Any CPU
		{34AD1B25-333A-4854-9BFA-1455A9E8E863}.Debug|Any CPU.ActiveCfg = Debug|Any CPU
		{34AD1B25-333A-4854-9BFA-1455A9E8E863}.Debug|Any CPU.Build.0 = Debug|Any CPU
		{34AD1B25-333A-4854-9BFA-1455A9E8E863}.Release|Any CPU.ActiveCfg = Release|Any CPU
		{34AD1B25-333A-4854-9BFA-1455A9E8E863}.Release|Any CPU.Build.0 = Release|Any CPU
		{5B057A96-BB35-41AF-88CC-C4F82D0B0631}.Debug|Any CPU.ActiveCfg = Debug|Any CPU
		{5B057A96-BB35-41AF-88CC-C4F82D0B0631}.Debug|Any CPU.Build.0 = Debug|Any CPU
		{5B057A96-BB35-41AF-88CC-C4F82D0B0631}.Release|Any CPU.ActiveCfg = Release|Any CPU
		{5B057A96-BB35-41AF-88CC-C4F82D0B0631}.Release|Any CPU.Build.0 = Release|Any CPU
		{2B2DF64F-6152-4052-9AD9-C74DA6811BF8}.Debug|Any CPU.ActiveCfg = Debug|Any CPU
		{2B2DF64F-6152-4052-9AD9-C74DA6811BF8}.Debug|Any CPU.Build.0 = Debug|Any CPU
		{2B2DF64F-6152-4052-9AD9-C74DA6811BF8}.Release|Any CPU.ActiveCfg = Release|Any CPU
		{2B2DF64F-6152-4052-9AD9-C74DA6811BF8}.Release|Any CPU.Build.0 = Release|Any CPU
		{CA3283FC-51D3-4639-B27A-D2B44F33A3BF}.Debug|Any CPU.ActiveCfg = Debug|Any CPU
		{CA3283FC-51D3-4639-B27A-D2B44F33A3BF}.Debug|Any CPU.Build.0 = Debug|Any CPU
		{CA3283FC-51D3-4639-B27A-D2B44F33A3BF}.Release|Any CPU.ActiveCfg = Release|Any CPU
		{CA3283FC-51D3-4639-B27A-D2B44F33A3BF}.Release|Any CPU.Build.0 = Release|Any CPU
		{5152DF37-88CA-4D39-8185-2841998FC96D}.Debug|Any CPU.ActiveCfg = Debug|Any CPU
		{5152DF37-88CA-4D39-8185-2841998FC96D}.Debug|Any CPU.Build.0 = Debug|Any CPU
		{5152DF37-88CA-4D39-8185-2841998FC96D}.Release|Any CPU.ActiveCfg = Release|Any CPU
		{5152DF37-88CA-4D39-8185-2841998FC96D}.Release|Any CPU.Build.0 = Release|Any CPU
		{F427C0A6-20DF-4BD2-9FCD-47A8353BED06}.Debug|Any CPU.ActiveCfg = Debug|Any CPU
		{F427C0A6-20DF-4BD2-9FCD-47A8353BED06}.Debug|Any CPU.Build.0 = Debug|Any CPU
		{F427C0A6-20DF-4BD2-9FCD-47A8353BED06}.Release|Any CPU.ActiveCfg = Release|Any CPU
		{F427C0A6-20DF-4BD2-9FCD-47A8353BED06}.Release|Any CPU.Build.0 = Release|Any CPU
		{FE5E4F09-0E61-4436-BCC9-5E91840C245F}.Debug|Any CPU.ActiveCfg = Debug|Any CPU
		{FE5E4F09-0E61-4436-BCC9-5E91840C245F}.Debug|Any CPU.Build.0 = Debug|Any CPU
		{FE5E4F09-0E61-4436-BCC9-5E91840C245F}.Release|Any CPU.ActiveCfg = Release|Any CPU
		{FE5E4F09-0E61-4436-BCC9-5E91840C245F}.Release|Any CPU.Build.0 = Release|Any CPU
		{68BC4EFD-0C3A-43A8-B57A-4AF0B8EABF42}.Debug|Any CPU.ActiveCfg = Debug|Any CPU
		{68BC4EFD-0C3A-43A8-B57A-4AF0B8EABF42}.Debug|Any CPU.Build.0 = Debug|Any CPU
		{68BC4EFD-0C3A-43A8-B57A-4AF0B8EABF42}.Release|Any CPU.ActiveCfg = Release|Any CPU
		{68BC4EFD-0C3A-43A8-B57A-4AF0B8EABF42}.Release|Any CPU.Build.0 = Release|Any CPU
		{70C3A19E-4723-4047-A93A-97D70212F01B}.Debug|Any CPU.ActiveCfg = Debug|Any CPU
		{70C3A19E-4723-4047-A93A-97D70212F01B}.Debug|Any CPU.Build.0 = Debug|Any CPU
		{70C3A19E-4723-4047-A93A-97D70212F01B}.Release|Any CPU.ActiveCfg = Release|Any CPU
		{70C3A19E-4723-4047-A93A-97D70212F01B}.Release|Any CPU.Build.0 = Release|Any CPU
		{73FB237D-0B12-4B5A-B2E9-4CBB12E0E022}.Debug|Any CPU.ActiveCfg = Debug|Any CPU
		{73FB237D-0B12-4B5A-B2E9-4CBB12E0E022}.Debug|Any CPU.Build.0 = Debug|Any CPU
		{73FB237D-0B12-4B5A-B2E9-4CBB12E0E022}.Release|Any CPU.ActiveCfg = Release|Any CPU
		{73FB237D-0B12-4B5A-B2E9-4CBB12E0E022}.Release|Any CPU.Build.0 = Release|Any CPU
		{7B1D9D38-7E4C-4325-8237-28E195C67251}.Debug|Any CPU.ActiveCfg = Debug|Any CPU
		{7B1D9D38-7E4C-4325-8237-28E195C67251}.Debug|Any CPU.Build.0 = Debug|Any CPU
		{7B1D9D38-7E4C-4325-8237-28E195C67251}.Release|Any CPU.ActiveCfg = Release|Any CPU
		{7B1D9D38-7E4C-4325-8237-28E195C67251}.Release|Any CPU.Build.0 = Release|Any CPU
		{1E2684B0-E665-4341-925C-7F9D35B84DC6}.Debug|Any CPU.ActiveCfg = Debug|Any CPU
		{1E2684B0-E665-4341-925C-7F9D35B84DC6}.Debug|Any CPU.Build.0 = Debug|Any CPU
		{1E2684B0-E665-4341-925C-7F9D35B84DC6}.Release|Any CPU.ActiveCfg = Release|Any CPU
		{1E2684B0-E665-4341-925C-7F9D35B84DC6}.Release|Any CPU.Build.0 = Release|Any CPU
	EndGlobalSection
	GlobalSection(SolutionProperties) = preSolution
		HideSolutionNode = FALSE
	EndGlobalSection
	GlobalSection(NestedProjects) = preSolution
		{34B8BA2F-1BCB-4F2D-AF3C-C5F8D68919FE} = {C034C772-7C0F-4560-981C-9E47A4C4A731}
		{B7FFDF90-F22E-4D52-8650-3AC4B68FF79C} = {34B8BA2F-1BCB-4F2D-AF3C-C5F8D68919FE}
		{CDD5FD6F-0E3E-42C5-8AFA-4ACB6F09641A} = {C034C772-7C0F-4560-981C-9E47A4C4A731}
		{74E294E3-B606-4959-B0C6-81B8A38AB0C4} = {CDD5FD6F-0E3E-42C5-8AFA-4ACB6F09641A}
		{52F942E6-E8FA-4475-90E0-E14114C436F9} = {C034C772-7C0F-4560-981C-9E47A4C4A731}
		{34AD1B25-333A-4854-9BFA-1455A9E8E863} = {52F942E6-E8FA-4475-90E0-E14114C436F9}
		{765F8EC0-D2C1-4B07-A26E-F70EDC08432F} = {C034C772-7C0F-4560-981C-9E47A4C4A731}
		{5B057A96-BB35-41AF-88CC-C4F82D0B0631} = {765F8EC0-D2C1-4B07-A26E-F70EDC08432F}
		{09F1E73E-8867-4315-B7B7-1B9560DAF8BD} = {C034C772-7C0F-4560-981C-9E47A4C4A731}
		{2B2DF64F-6152-4052-9AD9-C74DA6811BF8} = {09F1E73E-8867-4315-B7B7-1B9560DAF8BD}
		{CDE5B17C-17E9-43A7-838E-7794DC3104DA} = {C034C772-7C0F-4560-981C-9E47A4C4A731}
		{CA3283FC-51D3-4639-B27A-D2B44F33A3BF} = {CDE5B17C-17E9-43A7-838E-7794DC3104DA}
		{1297EA18-9BCE-4B9A-BD39-72F85A512941} = {C034C772-7C0F-4560-981C-9E47A4C4A731}
		{5152DF37-88CA-4D39-8185-2841998FC96D} = {1297EA18-9BCE-4B9A-BD39-72F85A512941}
		{A77520B7-53BC-4EA1-B5B7-44CD3B7658DB} = {C034C772-7C0F-4560-981C-9E47A4C4A731}
		{F427C0A6-20DF-4BD2-9FCD-47A8353BED06} = {A77520B7-53BC-4EA1-B5B7-44CD3B7658DB}
		{33249FD4-B865-4B46-AAF2-B88DA7236B3D} = {C034C772-7C0F-4560-981C-9E47A4C4A731}
		{FE5E4F09-0E61-4436-BCC9-5E91840C245F} = {33249FD4-B865-4B46-AAF2-B88DA7236B3D}
		{DC5EC4DE-92E6-4D07-BBC0-4B13EA334B3E} = {C034C772-7C0F-4560-981C-9E47A4C4A731}
		{68BC4EFD-0C3A-43A8-B57A-4AF0B8EABF42} = {DC5EC4DE-92E6-4D07-BBC0-4B13EA334B3E}
		{6D2B550D-8A06-4D61-9709-D91D33F7CB96} = {C034C772-7C0F-4560-981C-9E47A4C4A731}
		{70C3A19E-4723-4047-A93A-97D70212F01B} = {6D2B550D-8A06-4D61-9709-D91D33F7CB96}
		{24DCC223-920B-4F58-BBB9-F0120FC336B1} = {C034C772-7C0F-4560-981C-9E47A4C4A731}
		{73FB237D-0B12-4B5A-B2E9-4CBB12E0E022} = {24DCC223-920B-4F58-BBB9-F0120FC336B1}
		{0BC0FBF7-FF4E-4694-B66E-7657235AB57A} = {C034C772-7C0F-4560-981C-9E47A4C4A731}
		{7B1D9D38-7E4C-4325-8237-28E195C67251} = {0BC0FBF7-FF4E-4694-B66E-7657235AB57A}
		{9B5CA4DF-478A-400C-8312-C7AE7D698A65} = {C034C772-7C0F-4560-981C-9E47A4C4A731}
		{1E2684B0-E665-4341-925C-7F9D35B84DC6} = {9B5CA4DF-478A-400C-8312-C7AE7D698A65}
	EndGlobalSection
	GlobalSection(ExtensibilityGlobals) = postSolution
		SolutionGuid = {1313BF86-0EB6-451F-905F-0C92B0B244F4}
	EndGlobalSection
EndGlobal
